hash: 5923960f40e31e93a505f12261b0050dd25673e5d3d8c89a7cc2834493ba3ef5
updated: 2017-03-28T14:51:52.234152281+08:00
imports:
- name: github.com/agtorre/gocolorize
  version: f42b554bf7f006936130c9bb4f971afd2d87f671
- name: github.com/aws/aws-sdk-go
  version: 00fb2125993965df739fa3398b03bef3eb2e198f
  subpackages:
  - aws
  - aws/awserr
  - aws/awsutil
  - aws/client
  - aws/client/metadata
  - aws/corehandlers
  - aws/credentials
  - aws/credentials/ec2rolecreds
  - aws/credentials/endpointcreds
  - aws/credentials/stscreds
  - aws/defaults
  - aws/ec2metadata
  - aws/endpoints
  - aws/request
  - aws/session
  - aws/signer/v4
  - private/protocol
  - private/protocol/query
  - private/protocol/query/queryutil
  - private/protocol/rest
  - private/protocol/restxml
  - private/protocol/xml/xmlutil
  - private/waiter
  - service/s3
  - service/sts
- name: github.com/dgrijalva/jwt-go
  version: d2709f9f1f31ebcda9651b03077758c1f3a0018c
- name: github.com/elgs/gostrgen
  version: 51e61e71cb55e44b910d3b86b1178a6a60c2f4f7
- name: github.com/fatih/structs
  version: dc3312cb1a4513a366c4c9e622ad55c32df12ed3
- name: github.com/gin-gonic/gin
  version: e2212d40c62a98b388a5eb48ecbdcf88534688ba
  subpackages:
  - binding
  - render
- name: github.com/go-ini/ini
  version: 2ba15ac2dc9cdf88c110ec2dc0ced7fa45f5678c
- name: github.com/go-playground/universal-translator
  version: a29831bde2603d919f793d6e133f50e26a55c6c9
- name: github.com/go-sql-driver/mysql
  version: a0583e0143b1624142adab07e0e97fe106d99561
- name: github.com/golang/protobuf
  version: 2402d76f3d41f928c7902a765dfc872356dd3aad
  subpackages:
  - proto
- name: github.com/huandu/facebook
  version: 24ce8d1913aaad265ff4cb4af6a1d1b1801d3021
- name: github.com/jinzhu/gorm
  version: 572d0a0ab1eb75410a2729e96239152d1da7a91f
- name: github.com/jinzhu/inflection
  version: 74387dc39a75e970e7a3ae6a3386b5bd2e5c5cff
- name: github.com/jmespath/go-jmespath
  version: bd40a432e4c76585ef6b72d3fd96fb9b6dc7b68d
- name: github.com/joho/godotenv
  version: a01a834e1654b4c9ca5b3ad05159445cc9c7ad08
- name: github.com/jstemmer/go-junit-report
  version: 6aeed679b62e1c77721907cb77076f2168c7a0f6
- name: github.com/klauspost/compress
  version: e3b7981a12dd3cab49afa1d3a50e715846f23732
  subpackages:
  - flate
  - gzip
  - zlib
- name: github.com/klauspost/cpuid
  version: 09cded8978dc9e80714c4d85b0322337b0a1e5e0
- name: github.com/klauspost/crc32
  version: cb6bfca970f6908083f26f39a79009d608efd5cd
- name: github.com/kr/pretty
  version: cfb55aafdaf3ec08f0db22699ab822c50091b1c4
- name: github.com/manucorporat/sse
  version: ee05b128a739a0fb76c7ebd3ae4810c1de808d6d
- name: github.com/mattn/go-isatty
  version: 30a891c33c7cde7b02a981314b4228ec99380cca
- name: github.com/revel/config
  version: 75f5ee659b5338d1ce823536fe9b9e50b4de01b4
- name: github.com/revel/revel
  version: 8d01a054f6bca9430b3e497fe7b4f20ec8f054ce
- name: github.com/RichardKnop/machinery
  version: c3c63751e2fc158adc5257457670496324176645
  subpackages:
  - v1
- name: github.com/robfig/pathtree
  version: 41257a1839e945fce74afd070e02bab2ea2c776a
- name: github.com/satori/go.uuid
  version: 879c5887cd475cd7864858769793b2ceb0d44feb
- name: github.com/serenize/snaker
  version: 543781d2b79bd95c51ffe70e70a55c946ca211ff
- name: github.com/smallfish/simpleyaml
  version: f8280fef35a3fd1d4cf13c5a9fa638398eebb6ad
- name: github.com/streadway/amqp
  version: 63795daa9a446c920826655f26ba31c81c860fd6
- name: github.com/stretchr/testify
  version: 69483b4bd14f5845b5a1e55bca19e954e827f1d0
  subpackages:
  - assert
- name: github.com/tebeka/go2xunit
  version: 13c29c7515e660c2d5ccc1a2122b9ca38826a949
- name: github.com/ventu-io/go-shortid
  version: 6c56cef5189ca1b3d5ef01dc07f4d611dfc0bb33
- name: golang.org/x/net
  version: f315505cf3349909cdf013ea56690da34e96a451
  subpackages:
  - context
  - websocket
- name: golang.org/x/sys
  version: d75a52659825e75fff6158388dddc6a5b04f9ba5
  subpackages:
  - unix
- name: gopkg.in/fsnotify.v1
  version: 629574ca2a5df945712d3079857300b5e4da0236
- name: gopkg.in/go-playground/validator.v8
  version: 5f57d2222ad794d0dffb07e664ea05e2ee07d60c
- name: gopkg.in/h2non/filetype.v0
  version: 3093b8ebec6efb56ac813238b8beab4ed4eaac6a
- name: gopkg.in/h2non/filetype.v1
  version: e42395618f967c7925230905a29e63e787e88be6
  subpackages:
  - matchers
  - types
- name: gopkg.in/yaml.v2
  version: a5b47d31c556af34a302ce5d659e6fea44d90de0
testImports:
- name: github.com/davecgh/go-spew
  version: 5215b55f46b2b919f50a1df0eaa5886afe4e3b3d
  subpackages:
  - spew
- name: github.com/kr/text
  version: 7cafcd837844e784b526369c9bce262804aebc60
- name: github.com/pmezard/go-difflib
  version: 792786c7400a136282c1664665ae0a8db921c6c2
  subpackages:
  - difflib
